
Microsoft Visual Studio Solution File, Format Version 12.00
# Visual Studio Version 17
VisualStudioVersion = 17.14.36203.30 d17.14
MinimumVisualStudioVersion = 10.0.40219.1
Project("{FAE04EC0-301F-11D3-BF4B-00C04F79EFBC}") = "WpfApp1", "WpfApp1\WpfApp1.csproj", "{BECB9DF1-634D-4580-A227-0393364FE4EE}"
EndProject
Global
	GlobalSection(SolutionConfigurationPlatforms) = preSolution
		Debug|Any CPU = Debug|Any CPU
		Release|Any CPU = Release|Any CPU
	EndGlobalSection
	GlobalSection(ProjectConfigurationPlatforms) = postSolution
		{BECB9DF1-634D-4580-A227-0393364FE4EE}.Debug|Any CPU.ActiveCfg = Debug|Any CPU
		{BECB9DF1-634D-4580-A227-0393364FE4EE}.Debug|Any CPU.Build.0 = Debug|Any CPU
		{BECB9DF1-634D-4580-A227-0393364FE4EE}.Release|Any CPU.ActiveCfg = Release|Any CPU
		{BECB9DF1-634D-4580-A227-0393364FE4EE}.Release|Any CPU.Build.0 = Release|Any CPU
	EndGlobalSection
	GlobalSection(SolutionProperties) = preSolution
		HideSolutionNode = FALSE
	EndGlobalSection
	GlobalSection(ExtensibilityGlobals) = postSolution
		SolutionGuid = {905DD885-078C-45D3-B463-AB5FF4CEA7A5}
	EndGlobalSection
EndGlobal
